// !$*UTF8*$!
{
	archiveVersion = 1;
	classes = {
	};
	objectVersion = 50;
	objects = {

/* Begin PBXBuildFile section */
		54503BA220B7163A000B1A32 /* DetailTableViewCell.swift in Sources */ = {isa = PBXBuildFile; fileRef = 54503BA020B7163A000B1A32 /* DetailTableViewCell.swift */; };
		54503BA320B7163A000B1A32 /* DetailViewController.swift in Sources */ = {isa = PBXBuildFile; fileRef = 54503BA120B7163A000B1A32 /* DetailViewController.swift */; };
		54503BA520B7164F000B1A32 /* MasterViewController.swift in Sources */ = {isa = PBXBuildFile; fileRef = 54503BA420B7164F000B1A32 /* MasterViewController.swift */; };
		54B4493C20B7159E0058C31E /* AppDelegate.swift in Sources */ = {isa = PBXBuildFile; fileRef = 54B4493B20B7159E0058C31E /* AppDelegate.swift */; };
		54B4494120B7159E0058C31E /* Main.storyboard in Resources */ = {isa = PBXBuildFile; fileRef = 54B4493F20B7159E0058C31E /* Main.storyboard */; };
		54B4494320B7159F0058C31E /* Assets.xcassets in Resources */ = {isa = PBXBuildFile; fileRef = 54B4494220B7159F0058C31E /* Assets.xcassets */; };
		54B4494620B7159F0058C31E /* LaunchScreen.storyboard in Resources */ = {isa = PBXBuildFile; fileRef = 54B4494420B7159F0058C31E /* LaunchScreen.storyboard */; };
/* End PBXBuildFile section */

/* Begin PBXFileReference section */
		54503BA020B7163A000B1A32 /* DetailTableViewCell.swift */ = {isa = PBXFileReference; fileEncoding = 4; lastKnownFileType = sourcecode.swift; path = DetailTableViewCell.swift; sourceTree = "<group>"; };
		54503BA120B7163A000B1A32 /* DetailViewController.swift */ = {isa = PBXFileReference; fileEncoding = 4; lastKnownFileType = sourcecode.swift; path = DetailViewController.swift; sourceTree = "<group>"; };
		54503BA420B7164F000B1A32 /* MasterViewController.swift */ = {isa = PBXFileReference; fileEncoding = 4; lastKnownFileType = sourcecode.swift; path = MasterViewController.swift; sourceTree = "<group>"; };
		54B4493820B7159E0058C31E /* RetainCycleDelegation.app */ = {isa = PBXFileReference; explicitFileType = wrapper.application; includeInIndex = 0; path = RetainCycleDelegation.app; sourceTree = BUILT_PRODUCTS_DIR; };
		54B4493B20B7159E0058C31E /* AppDelegate.swift */ = {isa = PBXFileReference; lastKnownFileType = sourcecode.swift; path = AppDelegate.swift; sourceTree = "<group>"; };
		54B4494020B7159E0058C31E /* Base */ = {isa = PBXFileReference; lastKnownFileType = file.storyboard; name = Base; path = Base.lproj/Main.storyboard; sourceTree = "<group>"; };
		54B4494220B7159F0058C31E /* Assets.xcassets */ = {isa = PBXFileReference; lastKnownFileType = folder.assetcatalog; path = Assets.xcassets; sourceTree = "<group>"; };
		54B4494520B7159F0058C31E /* Base */ = {isa = PBXFileReference; lastKnownFileType = file.storyboard; name = Base; path = Base.lproj/LaunchScreen.storyboard; sourceTree = "<group>"; };
		54B4494720B7159F0058C31E /* Info.plist */ = {isa = PBXFileReference; lastKnownFileType = text.plist.xml; path = Info.plist; sourceTree = "<group>"; };
/* End PBXFileReference section */

/* Begin PBXFrameworksBuildPhase section */
		54B4493520B7159E0058C31E /* Frameworks */ = {
			isa = PBXFrameworksBuildPhase;
			buildActionMask = 2147483647;
			files = (
			);
			runOnlyForDeploymentPostprocessing = 0;
		};
/* End PBXFrameworksBuildPhase section */

/* Begin PBXGroup section */
		54B4492F20B7159E0058C31E = {
			isa = PBXGroup;
			children = (
				54B4493A20B7159E0058C31E /* RetainCycleDelegation */,
				54B4493920B7159E0058C31E /* Products */,
			);
			sourceTree = "<group>";
		};
		54B4493920B7159E0058C31E /* Products */ = {
			isa = PBXGroup;
			children = (
				54B4493820B7159E0058C31E /* RetainCycleDelegation.app */,
			);
			name = Products;
			sourceTree = "<group>";
		};
		54B4493A20B7159E0058C31E /* RetainCycleDelegation */ = {
			isa = PBXGroup;
			children = (
				54B4493B20B7159E0058C31E /* AppDelegate.swift */,
				54503BA420B7164F000B1A32 /* MasterViewController.swift */,
				54503BA120B7163A000B1A32 /* DetailViewController.swift */,
				54503BA020B7163A000B1A32 /* DetailTableViewCell.swift */,
				54B4493F20B7159E0058C31E /* Main.storyboard */,
				54B4494220B7159F0058C31E /* Assets.xcassets */,
				54B4494420B7159F0058C31E /* LaunchScreen.storyboard */,
				54B4494720B7159F0058C31E /* Info.plist */,
			);
			path = RetainCycleDelegation;
			sourceTree = "<group>";
		};
/* End PBXGroup section */

/* Begin PBXNativeTarget section */
		54B4493720B7159E0058C31E /* RetainCycleDelegation */ = {
			isa = PBXNativeTarget;
			buildConfigurationList = 54B4494A20B7159F0058C31E /* Build configuration list for PBXNativeTarget "RetainCycleDelegation" */;
			buildPhases = (
				54B4493420B7159E0058C31E /* Sources */,
				54B4493520B7159E0058C31E /* Frameworks */,
				54B4493620B7159E0058C31E /* Resources */,
			);
			buildRules = (
			);
			dependencies = (
			);
			name = RetainCycleDelegation;
			productName = RetainCycleDelegation;
			productReference = 54B4493820B7159E0058C31E /* RetainCycleDelegation.app */;
			productType = "com.apple.product-type.application";
		};
/* End PBXNativeTarget section */

/* Begin PBXProject section */
		54B4493020B7159E0058C31E /* Project object */ = {
			isa = PBXProject;
			attributes = {
				LastSwiftUpdateCheck = 0930;
				LastUpgradeCheck = 0930;
				ORGANIZATIONNAME = Chung;
				TargetAttributes = {
					54B4493720B7159E0058C31E = {
						CreatedOnToolsVersion = 9.3;
					};
				};
			};
			buildConfigurationList = 54B4493320B7159E0058C31E /* Build configuration list for PBXProject "RetainCycleDelegation" */;
			compatibilityVersion = "Xcode 9.3";
			developmentRegion = en;
			hasScannedForEncodings = 0;
			knownRegions = (
				en,
				Base,
			);
			mainGroup = 54B4492F20B7159E0058C31E;
			productRefGroup = 54B4493920B7159E0058C31E /* Products */;
			projectDirPath = "";
			projectRoot = "";
			targets = (
				54B4493720B7159E0058C31E /* RetainCycleDelegation */,
			);
		};
/* End PBXProject section */

/* Begin PBXResourcesBuildPhase section */
		54B4493620B7159E0058C31E /* Resources */ = {
			isa = PBXResourcesBuildPhase;
			buildActionMask = 2147483647;
			files = (
				54B4494620B7159F0058C31E /* LaunchScreen.storyboard in Resources */,
				54B4494320B7159F0058C31E /* Assets.xcassets in Resources */,
				54B4494120B7159E0058C31E /* Main.storyboard in Resources */,
			);
			runOnlyForDeploymentPostprocessing = 0;
		};
/* End PBXResourcesBuildPhase section */

/* Begin PBXSourcesBuildPhase section */
		54B4493420B7159E0058C31E /* Sources */ = {
			isa = PBXSourcesBuildPhase;
			buildActionMask = 2147483647;
			files = (
				54503BA520B7164F000B1A32 /* MasterViewController.swift in Sources */,
				54503BA220B7163A000B1A32 /* DetailTableViewCell.swift in Sources */,
				54B4493C20B7159E0058C31E /* AppDelegate.swift in Sources */,
				54503BA320B7163A000B1A32 /* DetailViewController.swift in Sources */,
			);
			runOnlyForDeploymentPostprocessing = 0;
		};
/* End PBXSourcesBuildPhase section */

/* Begin PBXVariantGroup section */
		54B4493F20B7159E0058C31E /* Main.storyboard */ = {
			isa = PBXVariantGroup;
			children = (
				54B4494020B7159E0058C31E /* Base */,
			);
			name = Main.storyboard;
			sourceTree = "<group>";
		};
		54B4494420B7159F0058C31E /* LaunchScreen.storyboard */ = {
			isa = PBXVariantGroup;
			children = (
				54B4494520B7159F0058C31E /* Base */,
			);
			name = LaunchScreen.storyboard;
			sourceTree = "<group>";
		};
/* End PBXVariantGroup section */

/* Begin XCBuildConfiguration section */
		54B4494820B7159F0058C31E /* Debug */ = {
			isa = XCBuildConfiguration;
			buildSettings = {
				ALWAYS_SEARCH_USER_PATHS = NO;
				CLANG_ANALYZER_NONNULL = YES;
				CLANG_ANALYZER_NUMBER_OBJECT_CONVERSION = YES_AGGRESSIVE;
				CLANG_CXX_LANGUAGE_STANDARD = "gnu++14";
				CLANG_CXX_LIBRARY = "libc++";
				CLANG_ENABLE_MODULES = YES;
				CLANG_ENABLE_OBJC_ARC = YES;
				CLANG_ENABLE_OBJC_WEAK = YES;
				CLANG_WARN_BLOCK_CAPTURE_AUTORELEASING = YES;
				CLANG_WARN_BOOL_CONVERSION = YES;
				CLANG_WARN_COMMA = YES;
				CLANG_WARN_CONSTANT_CONVERSION = YES;
				CLANG_WARN_DEPRECATED_OBJC_IMPLEMENTATIONS = YES;
				CLANG_WARN_DIRECT_OBJC_ISA_USAGE = YES_ERROR;
				CLANG_WARN_DOCUMENTATION_COMMENTS = YES;
				CLANG_WARN_EMPTY_BODY = YES;
				CLANG_WARN_ENUM_CONVERSION = YES;
				CLANG_WARN_INFINITE_RECURSION = YES;
				CLANG_WARN_INT_CONVERSION = YES;
				CLANG_WARN_NON_LITERAL_NULL_CONVERSION = YES;
				CLANG_WARN_OBJC_IMPLICIT_RETAIN_SELF = YES;
				CLANG_WARN_OBJC_LITERAL_CONVERSION = YES;
				CLANG_WARN_OBJC_ROOT_CLASS = YES_ERROR;
				CLANG_WARN_RANGE_LOOP_ANALYSIS = YES;
				CLANG_WARN_STRICT_PROTOTYPES = YES;
				CLANG_WARN_SUSPICIOUS_MOVE = YES;
				CLANG_WARN_UNGUARDED_AVAILABILITY = YES_AGGRESSIVE;
				CLANG_WARN_UNREACHABLE_CODE = YES;
				CLANG_WARN__DUPLICATE_METHOD_MATCH = YES;
				CODE_SIGN_IDENTITY = "iPhone Developer";
				COPY_PHASE_STRIP = NO;
				DEBUG_INFORMATION_FORMAT = dwarf;
				ENABLE_STRICT_OBJC_MSGSEND = YES;
				ENABLE_TESTABILITY = YES;
				GCC_C_LANGUAGE_STANDARD = gnu11;
				GCC_DYNAMIC_NO_PIC = NO;
				GCC_NO_COMMON_BLOCKS = YES;
				GCC_OPTIMIZATION_LEVEL = 0;
				GCC_PREPROCESSOR_DEFINITIONS = (
					"DEBUG=1",
					"$(inherited)",
				);
				GCC_WARN_64_TO_32_BIT_CONVERSION = YES;
				GCC_WARN_ABOUT_RETURN_TYPE = YES_ERROR;
				GCC_WARN_UNDECLARED_SELECTOR = YES;
				GCC_WARN_UNINITIALIZED_AUTOS = YES_AGGRESSIVE;
				GCC_WARN_UNUSED_FUNCTION = YES;
				GCC_WARN_UNUSED_VARIABLE = YES;
				IPHONEOS_DEPLOYMENT_TARGET = 11.3;
				MTL_ENABLE_DEBUG_INFO = YES;
				ONLY_ACTIVE_ARCH = YES;
				SDKROOT = iphoneos;
				SWIFT_ACTIVE_COMPILATION_CONDITIONS = DEBUG;
				SWIFT_OPTIMIZATION_LEVEL = "-Onone";
			};
			name = Debug;
		};
		54B4494920B7159F0058C31E /* Release */ = {
			isa = XCBuildConfiguration;
			buildSettings = {
				ALWAYS_SEARCH_USER_PATHS = NO;
				CLANG_ANALYZER_NONNULL = YES;
				CLANG_ANALYZER_NUMBER_OBJECT_CONVERSION = YES_AGGRESSIVE;
				CLANG_CXX_LANGUAGE_STANDARD = "gnu++14";
				CLANG_CXX_LIBRARY = "libc++";
				CLANG_ENABLE_MODULES = YES;
				CLANG_ENABLE_OBJC_ARC = YES;
				CLANG_ENABLE_OBJC_WEAK = YES;
				CLANG_WARN_BLOCK_CAPTURE_AUTORELEASING = YES;
				CLANG_WARN_BOOL_CONVERSION = YES;
				CLANG_WARN_COMMA = YES;
				CLANG_WARN_CONSTANT_CONVERSION = YES;
				CLANG_WARN_DEPRECATED_OBJC_IMPLEMENTATIONS = YES;
				CLANG_WARN_DIRECT_OBJC_ISA_USAGE = YES_ERROR;
				CLANG_WARN_DOCUMENTATION_COMMENTS = YES;
				CLANG_WARN_EMPTY_BODY = YES;
				CLANG_WARN_ENUM_CONVERSION = YES;
				CLANG_WARN_INFINITE_RECURSION = YES;
				CLANG_WARN_INT_CONVERSION = YES;
				CLANG_WARN_NON_LITERAL_NULL_CONVERSION = YES;
				CLANG_WARN_OBJC_IMPLICIT_RETAIN_SELF = YES;
				CLANG_WARN_OBJC_LITERAL_CONVERSION = YES;
				CLANG_WARN_OBJC_ROOT_CLASS = YES_ERROR;
				CLANG_WARN_RANGE_LOOP_ANALYSIS = YES;
				CLANG_WARN_STRICT_PROTOTYPES = YES;
				CLANG_WARN_SUSPICIOUS_MOVE = YES;
				CLANG_WARN_UNGUARDED_AVAILABILITY = YES_AGGRESSIVE;
				CLANG_WARN_UNREACHABLE_CODE = YES;
				CLANG_WARN__DUPLICATE_METHOD_MATCH = YES;
				CODE_SIGN_IDENTITY = "iPhone Developer";
				COPY_PHASE_STRIP = NO;
				DEBUG_INFORMATION_FORMAT = "dwarf-with-dsym";
				ENABLE_NS_ASSERTIONS = NO;
				ENABLE_STRICT_OBJC_MSGSEND = YES;
				GCC_C_LANGUAGE_STANDARD = gnu11;
				GCC_NO_COMMON_BLOCKS = YES;
				GCC_WARN_64_TO_32_BIT_CONVERSION = YES;
				GCC_WARN_ABOUT_RETURN_TYPE = YES_ERROR;
				GCC_WARN_UNDECLARED_SELECTOR = YES;
				GCC_WARN_UNINITIALIZED_AUTOS = YES_AGGRESSIVE;
				GCC_WARN_UNUSED_FUNCTION = YES;
				GCC_WARN_UNUSED_VARIABLE = YES;
				IPHONEOS_DEPLOYMENT_TARGET = 11.3;
				MTL_ENABLE_DEBUG_INFO = NO;
				SDKROOT = iphoneos;
				SWIFT_COMPILATION_MODE = wholemodule;
				SWIFT_OPTIMIZATION_LEVEL = "-O";
				VALIDATE_PRODUCT = YES;
			};
			name = Release;
		};
		54B4494B20B7159F0058C31E /* Debug */ = {
			isa = XCBuildConfiguration;
			buildSettings = {
				ASSETCATALOG_COMPILER_APPICON_NAME = AppIcon;
				CODE_SIGN_STYLE = Automatic;
				DEVELOPMENT_TEAM = 56AJJ634ZU;
				INFOPLIST_FILE = RetainCycleDelegation/Info.plist;
				LD_RUNPATH_SEARCH_PATHS = (
					"$(inherited)",
					"@executable_path/Frameworks",
				);
				PRODUCT_BUNDLE_IDENTIFIER = Big0.RetainCycleDelegation;
				PRODUCT_NAME = "$(TARGET_NAME)";
				SWIFT_VERSION = 4.0;
				TARGETED_DEVICE_FAMILY = "1,2";
			};
			name = Debug;
		};
		54B4494C20B7159F0058C31E /* Release */ = {
			isa = XCBuildConfiguration;
			buildSettings = {
				ASSETCATALOG_COMPILER_APPICON_NAME = AppIcon;
				CODE_SIGN_STYLE = Automatic;
				DEVELOPMENT_TEAM = 56AJJ634ZU;
				INFOPLIST_FILE = RetainCycleDelegation/Info.plist;
				LD_RUNPATH_SEARCH_PATHS = (
					"$(inherited)",
					"@executable_path/Frameworks",
				);
				PRODUCT_BUNDLE_IDENTIFIER = Big0.RetainCycleDelegation;
				PRODUCT_NAME = "$(TARGET_NAME)";
				SWIFT_VERSION = 4.0;
				TARGETED_DEVICE_FAMILY = "1,2";
			};
			name = Release;
		};
/* End XCBuildConfiguration section */

/* Begin XCConfigurationList section */
		54B4493320B7159E0058C31E /* Build configuration list for PBXProject "RetainCycleDelegation" */ = {
			isa = XCConfigurationList;
			buildConfigurations = (
				54B4494820B7159F0058C31E /* Debug */,
				54B4494920B7159F0058C31E /* Release */,
			);
			defaultConfigurationIsVisible = 0;
			defaultConfigurationName = Release;
		};
		54B4494A20B7159F0058C31E /* Build configuration list for PBXNativeTarget "RetainCycleDelegation" */ = {
			isa = XCConfigurationList;
			buildConfigurations = (
				54B4494B20B7159F0058C31E /* Debug */,
				54B4494C20B7159F0058C31E /* Release */,
			);
			defaultConfigurationIsVisible = 0;
			defaultConfigurationName = Release;
		};
/* End XCConfigurationList section */
	};
	rootObject = 54B4493020B7159E0058C31E /* Project object */;
}
